// !$*UTF8*$!
{
	archiveVersion = 1;
	classes = {
	};
	objectVersion = 46;
	objects = {

/* Begin PBXBuildFile section */
		773C762F1A290CF800EFFA34 /* main.m in Sources */ = {isa = PBXBuildFile; fileRef = 773C762E1A290CF800EFFA34 /* main.m */; };
		773C76321A290CF800EFFA34 /* AppDelegate.m in Sources */ = {isa = PBXBuildFile; fileRef = 773C76311A290CF800EFFA34 /* AppDelegate.m */; };
		773C76351A290CF800EFFA34 /* ViewController.m in Sources */ = {isa = PBXBuildFile; fileRef = 773C76341A290CF800EFFA34 /* ViewController.m */; };
		773C76381A290CF800EFFA34 /* Main.storyboard in Resources */ = {isa = PBXBuildFile; fileRef = 773C76361A290CF800EFFA34 /* Main.storyboard */; };
		773C763A1A290CF800EFFA34 /* Images.xcassets in Resources */ = {isa = PBXBuildFile; fileRef = 773C76391A290CF800EFFA34 /* Images.xcassets */; };
		773C763D1A290CF800EFFA34 /* LaunchScreen.xib in Resources */ = {isa = PBXBuildFile; fileRef = 773C763B1A290CF800EFFA34 /* LaunchScreen.xib */; };
		773C76491A290CF800EFFA34 /* CCMBorderViewObjectiveSampleTests.m in Sources */ = {isa = PBXBuildFile; fileRef = 773C76481A290CF800EFFA34 /* CCMBorderViewObjectiveSampleTests.m */; };
		773C76551A290D3500EFFA34 /* CCMBorderView.m in Sources */ = {isa = PBXBuildFile; fileRef = 773C76541A290D3500EFFA34 /* CCMBorderView.m */; };
/* End PBXBuildFile section */

/* Begin PBXContainerItemProxy section */
		773C76431A290CF800EFFA34 /* PBXContainerItemProxy */ = {
			isa = PBXContainerItemProxy;
			containerPortal = 773C76211A290CF800EFFA34 /* Project object */;
			proxyType = 1;
			remoteGlobalIDString = 773C76281A290CF800EFFA34;
			remoteInfo = CCMBorderViewObjectiveSample;
		};
/* End PBXContainerItemProxy section */

/* Begin PBXFileReference section */
		773C76291A290CF800EFFA34 /* CCMBorderViewObjectiveSample.app */ = {isa = PBXFileReference; explicitFileType = wrapper.application; includeInIndex = 0; path = CCMBorderViewObjectiveSample.app; sourceTree = BUILT_PRODUCTS_DIR; };
		773C762D1A290CF800EFFA34 /* Info.plist */ = {isa = PBXFileReference; lastKnownFileType = text.plist.xml; path = Info.plist; sourceTree = "<group>"; };
		773C762E1A290CF800EFFA34 /* main.m */ = {isa = PBXFileReference; lastKnownFileType = sourcecode.c.objc; path = main.m; sourceTree = "<group>"; };
		773C76301A290CF800EFFA34 /* AppDelegate.h */ = {isa = PBXFileReference; lastKnownFileType = sourcecode.c.h; path = AppDelegate.h; sourceTree = "<group>"; };
		773C76311A290CF800EFFA34 /* AppDelegate.m */ = {isa = PBXFileReference; lastKnownFileType = sourcecode.c.objc; path = AppDelegate.m; sourceTree = "<group>"; };
		773C76331A290CF800EFFA34 /* ViewController.h */ = {isa = PBXFileReference; lastKnownFileType = sourcecode.c.h; path = ViewController.h; sourceTree = "<group>"; };
		773C76341A290CF800EFFA34 /* ViewController.m */ = {isa = PBXFileReference; lastKnownFileType = sourcecode.c.objc; path = ViewController.m; sourceTree = "<group>"; };
		773C76371A290CF800EFFA34 /* Base */ = {isa = PBXFileReference; lastKnownFileType = file.storyboard; name = Base; path = Base.lproj/Main.storyboard; sourceTree = "<group>"; };
		773C76391A290CF800EFFA34 /* Images.xcassets */ = {isa = PBXFileReference; lastKnownFileType = folder.assetcatalog; path = Images.xcassets; sourceTree = "<group>"; };
		773C763C1A290CF800EFFA34 /* Base */ = {isa = PBXFileReference; lastKnownFileType = file.xib; name = Base; path = Base.lproj/LaunchScreen.xib; sourceTree = "<group>"; };
		773C76421A290CF800EFFA34 /* CCMBorderViewObjectiveSampleTests.xctest */ = {isa = PBXFileReference; explicitFileType = wrapper.cfbundle; includeInIndex = 0; path = CCMBorderViewObjectiveSampleTests.xctest; sourceTree = BUILT_PRODUCTS_DIR; };
		773C76471A290CF800EFFA34 /* Info.plist */ = {isa = PBXFileReference; lastKnownFileType = text.plist.xml; path = Info.plist; sourceTree = "<group>"; };
		773C76481A290CF800EFFA34 /* CCMBorderViewObjectiveSampleTests.m */ = {isa = PBXFileReference; lastKnownFileType = sourcecode.c.objc; path = CCMBorderViewObjectiveSampleTests.m; sourceTree = "<group>"; };
		773C76531A290D3500EFFA34 /* CCMBorderView.h */ = {isa = PBXFileReference; fileEncoding = 4; lastKnownFileType = sourcecode.c.h; name = CCMBorderView.h; path = "../../CCMBorderView/Objective-C/CCMBorderView.h"; sourceTree = "<group>"; };
		773C76541A290D3500EFFA34 /* CCMBorderView.m */ = {isa = PBXFileReference; fileEncoding = 4; lastKnownFileType = sourcecode.c.objc; name = CCMBorderView.m; path = "../../CCMBorderView/Objective-C/CCMBorderView.m"; sourceTree = "<group>"; };
/* End PBXFileReference section */

/* Begin PBXFrameworksBuildPhase section */
		773C76261A290CF800EFFA34 /* Frameworks */ = {
			isa = PBXFrameworksBuildPhase;
			buildActionMask = 2147483647;
			files = (
			);
			runOnlyForDeploymentPostprocessing = 0;
		};
		773C763F1A290CF800EFFA34 /* Frameworks */ = {
			isa = PBXFrameworksBuildPhase;
			buildActionMask = 2147483647;
			files = (
			);
			runOnlyForDeploymentPostprocessing = 0;
		};
/* End PBXFrameworksBuildPhase section */

/* Begin PBXGroup section */
		773C76201A290CF800EFFA34 = {
			isa = PBXGroup;
			children = (
				773C762B1A290CF800EFFA34 /* CCMBorderViewObjectiveSample */,
				773C76451A290CF800EFFA34 /* CCMBorderViewObjectiveSampleTests */,
				773C762A1A290CF800EFFA34 /* Products */,
			);
			sourceTree = "<group>";
		};
		773C762A1A290CF800EFFA34 /* Products */ = {
			isa = PBXGroup;
			children = (
				773C76291A290CF800EFFA34 /* CCMBorderViewObjectiveSample.app */,
				773C76421A290CF800EFFA34 /* CCMBorderViewObjectiveSampleTests.xctest */,
			);
			name = Products;
			sourceTree = "<group>";
		};
		773C762B1A290CF800EFFA34 /* CCMBorderViewObjectiveSample */ = {
			isa = PBXGroup;
			children = (
				773C76521A290D1500EFFA34 /* CCMBorderView */,
				773C76301A290CF800EFFA34 /* AppDelegate.h */,
				773C76311A290CF800EFFA34 /* AppDelegate.m */,
				773C76331A290CF800EFFA34 /* ViewController.h */,
				773C76341A290CF800EFFA34 /* ViewController.m */,
				773C76361A290CF800EFFA34 /* Main.storyboard */,
				773C76391A290CF800EFFA34 /* Images.xcassets */,
				773C763B1A290CF800EFFA34 /* LaunchScreen.xib */,
				773C762C1A290CF800EFFA34 /* Supporting Files */,
			);
			path = CCMBorderViewObjectiveSample;
			sourceTree = "<group>";
		};
		773C762C1A290CF800EFFA34 /* Supporting Files */ = {
			isa = PBXGroup;
			children = (
				773C762D1A290CF800EFFA34 /* Info.plist */,
				773C762E1A290CF800EFFA34 /* main.m */,
			);
			name = "Supporting Files";
			sourceTree = "<group>";
		};
		773C76451A290CF800EFFA34 /* CCMBorderViewObjectiveSampleTests */ = {
			isa = PBXGroup;
			children = (
				773C76481A290CF800EFFA34 /* CCMBorderViewObjectiveSampleTests.m */,
				773C76461A290CF800EFFA34 /* Supporting Files */,
			);
			path = CCMBorderViewObjectiveSampleTests;
			sourceTree = "<group>";
		};
		773C76461A290CF800EFFA34 /* Supporting Files */ = {
			isa = PBXGroup;
			children = (
				773C76471A290CF800EFFA34 /* Info.plist */,
			);
			name = "Supporting Files";
			sourceTree = "<group>";
		};
		773C76521A290D1500EFFA34 /* CCMBorderView */ = {
			isa = PBXGroup;
			children = (
				773C76531A290D3500EFFA34 /* CCMBorderView.h */,
				773C76541A290D3500EFFA34 /* CCMBorderView.m */,
			);
			name = CCMBorderView;
			sourceTree = "<group>";
		};
/* End PBXGroup section */

/* Begin PBXNativeTarget section */
		773C76281A290CF800EFFA34 /* CCMBorderViewObjectiveSample */ = {
			isa = PBXNativeTarget;
			buildConfigurationList = 773C764C1A290CF800EFFA34 /* Build configuration list for PBXNativeTarget "CCMBorderViewObjectiveSample" */;
			buildPhases = (
				773C76251A290CF800EFFA34 /* Sources */,
				773C76261A290CF800EFFA34 /* Frameworks */,
				773C76271A290CF800EFFA34 /* Resources */,
			);
			buildRules = (
			);
			dependencies = (
			);
			name = CCMBorderViewObjectiveSample;
			productName = CCMBorderViewObjectiveSample;
			productReference = 773C76291A290CF800EFFA34 /* CCMBorderViewObjectiveSample.app */;
			productType = "com.apple.product-type.application";
		};
		773C76411A290CF800EFFA34 /* CCMBorderViewObjectiveSampleTests */ = {
			isa = PBXNativeTarget;
			buildConfigurationList = 773C764F1A290CF800EFFA34 /* Build configuration list for PBXNativeTarget "CCMBorderViewObjectiveSampleTests" */;
			buildPhases = (
				773C763E1A290CF800EFFA34 /* Sources */,
				773C763F1A290CF800EFFA34 /* Frameworks */,
				773C76401A290CF800EFFA34 /* Resources */,
			);
			buildRules = (
			);
			dependencies = (
				773C76441A290CF800EFFA34 /* PBXTargetDependency */,
			);
			name = CCMBorderViewObjectiveSampleTests;
			productName = CCMBorderViewObjectiveSampleTests;
			productReference = 773C76421A290CF800EFFA34 /* CCMBorderViewObjectiveSampleTests.xctest */;
			productType = "com.apple.product-type.bundle.unit-test";
		};
/* End PBXNativeTarget section */

/* Begin PBXProject section */
		773C76211A290CF800EFFA34 /* Project object */ = {
			isa = PBXProject;
			attributes = {
				LastUpgradeCheck = 0610;
				ORGANIZATIONNAME = "Carlos Compean";
				TargetAttributes = {
					773C76281A290CF800EFFA34 = {
						CreatedOnToolsVersion = 6.1;
					};
					773C76411A290CF800EFFA34 = {
						CreatedOnToolsVersion = 6.1;
						TestTargetID = 773C76281A290CF800EFFA34;
					};
				};
			};
			buildConfigurationList = 773C76241A290CF800EFFA34 /* Build configuration list for PBXProject "CCMBorderViewObjectiveSample" */;
			compatibilityVersion = "Xcode 3.2";
			developmentRegion = English;
			hasScannedForEncodings = 0;
			knownRegions = (
				en,
				Base,
			);
			mainGroup = 773C76201A290CF800EFFA34;
			productRefGroup = 773C762A1A290CF800EFFA34 /* Products */;
			projectDirPath = "";
			projectRoot = "";
			targets = (
				773C76281A290CF800EFFA34 /* CCMBorderViewObjectiveSample */,
				773C76411A290CF800EFFA34 /* CCMBorderViewObjectiveSampleTests */,
			);
		};
/* End PBXProject section */

/* Begin PBXResourcesBuildPhase section */
		773C76271A290CF800EFFA34 /* Resources */ = {
			isa = PBXResourcesBuildPhase;
			buildActionMask = 2147483647;
			files = (
				773C76381A290CF800EFFA34 /* Main.storyboard in Resources */,
				773C763D1A290CF800EFFA34 /* LaunchScreen.xib in Resources */,
				773C763A1A290CF800EFFA34 /* Images.xcassets in Resources */,
			);
			runOnlyForDeploymentPostprocessing = 0;
		};
		773C76401A290CF800EFFA34 /* Resources */ = {
			isa = PBXResourcesBuildPhase;
			buildActionMask = 2147483647;
			files = (
			);
			runOnlyForDeploymentPostprocessing = 0;
		};
/* End PBXResourcesBuildPhase section */

/* Begin PBXSourcesBuildPhase section */
		773C76251A290CF800EFFA34 /* Sources */ = {
			isa = PBXSourcesBuildPhase;
			buildActionMask = 2147483647;
			files = (
				773C76351A290CF800EFFA34 /* ViewController.m in Sources */,
				773C76321A290CF800EFFA34 /* AppDelegate.m in Sources */,
				773C76551A290D3500EFFA34 /* CCMBorderView.m in Sources */,
				773C762F1A290CF800EFFA34 /* main.m in Sources */,
			);
			runOnlyForDeploymentPostprocessing = 0;
		};
		773C763E1A290CF800EFFA34 /* Sources */ = {
			isa = PBXSourcesBuildPhase;
			buildActionMask = 2147483647;
			files = (
				773C76491A290CF800EFFA34 /* CCMBorderViewObjectiveSampleTests.m in Sources */,
			);
			runOnlyForDeploymentPostprocessing = 0;
		};
/* End PBXSourcesBuildPhase section */

/* Begin PBXTargetDependency section */
		773C76441A290CF800EFFA34 /* PBXTargetDependency */ = {
			isa = PBXTargetDependency;
			target = 773C76281A290CF800EFFA34 /* CCMBorderViewObjectiveSample */;
			targetProxy = 773C76431A290CF800EFFA34 /* PBXContainerItemProxy */;
		};
/* End PBXTargetDependency section */

/* Begin PBXVariantGroup section */
		773C76361A290CF800EFFA34 /* Main.storyboard */ = {
			isa = PBXVariantGroup;
			children = (
				773C76371A290CF800EFFA34 /* Base */,
			);
			name = Main.storyboard;
			sourceTree = "<group>";
		};
		773C763B1A290CF800EFFA34 /* LaunchScreen.xib */ = {
			isa = PBXVariantGroup;
			children = (
				773C763C1A290CF800EFFA34 /* Base */,
			);
			name = LaunchScreen.xib;
			sourceTree = "<group>";
		};
/* End PBXVariantGroup section */

/* Begin XCBuildConfiguration section */
		773C764A1A290CF800EFFA34 /* Debug */ = {
			isa = XCBuildConfiguration;
			buildSettings = {
				ALWAYS_SEARCH_USER_PATHS = NO;
				CLANG_CXX_LANGUAGE_STANDARD = "gnu++0x";
				CLANG_CXX_LIBRARY = "libc++";
				CLANG_ENABLE_MODULES = YES;
				CLANG_ENABLE_OBJC_ARC = YES;
				CLANG_WARN_BOOL_CONVERSION = YES;
				CLANG_WARN_CONSTANT_CONVERSION = YES;
				CLANG_WARN_DIRECT_OBJC_ISA_USAGE = YES_ERROR;
				CLANG_WARN_EMPTY_BODY = YES;
				CLANG_WARN_ENUM_CONVERSION = YES;
				CLANG_WARN_INT_CONVERSION = YES;
				CLANG_WARN_OBJC_ROOT_CLASS = YES_ERROR;
				CLANG_WARN_UNREACHABLE_CODE = YES;
				CLANG_WARN__DUPLICATE_METHOD_MATCH = YES;
				"CODE_SIGN_IDENTITY[sdk=iphoneos*]" = "iPhone Developer";
				COPY_PHASE_STRIP = NO;
				ENABLE_STRICT_OBJC_MSGSEND = YES;
				GCC_C_LANGUAGE_STANDARD = gnu99;
				GCC_DYNAMIC_NO_PIC = NO;
				GCC_OPTIMIZATION_LEVEL = 0;
				GCC_PREPROCESSOR_DEFINITIONS = (
					"DEBUG=1",
					"$(inherited)",
				);
				GCC_SYMBOLS_PRIVATE_EXTERN = NO;
				GCC_WARN_64_TO_32_BIT_CONVERSION = YES;
				GCC_WARN_ABOUT_RETURN_TYPE = YES_ERROR;
				GCC_WARN_UNDECLARED_SELECTOR = YES;
				GCC_WARN_UNINITIALIZED_AUTOS = YES_AGGRESSIVE;
				GCC_WARN_UNUSED_FUNCTION = YES;
				GCC_WARN_UNUSED_VARIABLE = YES;
				IPHONEOS_DEPLOYMENT_TARGET = 8.1;
				MTL_ENABLE_DEBUG_INFO = YES;
				ONLY_ACTIVE_ARCH = YES;
				SDKROOT = iphoneos;
				TARGETED_DEVICE_FAMILY = "1,2";
			};
			name = Debug;
		};
		773C764B1A290CF800EFFA34 /* Release */ = {
			isa = XCBuildConfiguration;
			buildSettings = {
				ALWAYS_SEARCH_USER_PATHS = NO;
				CLANG_CXX_LANGUAGE_STANDARD = "gnu++0x";
				CLANG_CXX_LIBRARY = "libc++";
				CLANG_ENABLE_MODULES = YES;
				CLANG_ENABLE_OBJC_ARC = YES;
				CLANG_WARN_BOOL_CONVERSION = YES;
				CLANG_WARN_CONSTANT_CONVERSION = YES;
				CLANG_WARN_DIRECT_OBJC_ISA_USAGE = YES_ERROR;
				CLANG_WARN_EMPTY_BODY = YES;
				CLANG_WARN_ENUM_CONVERSION = YES;
				CLANG_WARN_INT_CONVERSION = YES;
				CLANG_WARN_OBJC_ROOT_CLASS = YES_ERROR;
				CLANG_WARN_UNREACHABLE_CODE = YES;
				CLANG_WARN__DUPLICATE_METHOD_MATCH = YES;
				"CODE_SIGN_IDENTITY[sdk=iphoneos*]" = "iPhone Developer";
				COPY_PHASE_STRIP = YES;
				ENABLE_NS_ASSERTIONS = NO;
				ENABLE_STRICT_OBJC_MSGSEND = YES;
				GCC_C_LANGUAGE_STANDARD = gnu99;
				GCC_WARN_64_TO_32_BIT_CONVERSION = YES;
				GCC_WARN_ABOUT_RETURN_TYPE = YES_ERROR;
				GCC_WARN_UNDECLARED_SELECTOR = YES;
				GCC_WARN_UNINITIALIZED_AUTOS = YES_AGGRESSIVE;
				GCC_WARN_UNUSED_FUNCTION = YES;
				GCC_WARN_UNUSED_VARIABLE = YES;
				IPHONEOS_DEPLOYMENT_TARGET = 8.1;
				MTL_ENABLE_DEBUG_INFO = NO;
				SDKROOT = iphoneos;
				TARGETED_DEVICE_FAMILY = "1,2";
				VALIDATE_PRODUCT = YES;
			};
			name = Release;
		};
		773C764D1A290CF800EFFA34 /* Debug */ = {
			isa = XCBuildConfiguration;
			buildSettings = {
				ASSETCATALOG_COMPILER_APPICON_NAME = AppIcon;
				INFOPLIST_FILE = CCMBorderViewObjectiveSample/Info.plist;
				LD_RUNPATH_SEARCH_PATHS = "$(inherited) @executable_path/Frameworks";
				PRODUCT_NAME = "$(TARGET_NAME)";
			};
			name = Debug;
		};
		773C764E1A290CF800EFFA34 /* Release */ = {
			isa = XCBuildConfiguration;
			buildSettings = {
				ASSETCATALOG_COMPILER_APPICON_NAME = AppIcon;
				INFOPLIST_FILE = CCMBorderViewObjectiveSample/Info.plist;
				LD_RUNPATH_SEARCH_PATHS = "$(inherited) @executable_path/Frameworks";
				PRODUCT_NAME = "$(TARGET_NAME)";
			};
			name = Release;
		};
		773C76501A290CF800EFFA34 /* Debug */ = {
			isa = XCBuildConfiguration;
			buildSettings = {
				BUNDLE_LOADER = "$(TEST_HOST)";
				FRAMEWORK_SEARCH_PATHS = (
					"$(SDKROOT)/Developer/Library/Frameworks",
					"$(inherited)",
				);
				GCC_PREPROCESSOR_DEFINITIONS = (
					"DEBUG=1",
					"$(inherited)",
				);
				INFOPLIST_FILE = CCMBorderViewObjectiveSampleTests/Info.plist;
				LD_RUNPATH_SEARCH_PATHS = "$(inherited) @executable_path/Frameworks @loader_path/Frameworks";
				PRODUCT_NAME = "$(TARGET_NAME)";
				TEST_HOST = "$(BUILT_PRODUCTS_DIR)/CCMBorderViewObjectiveSample.app/CCMBorderViewObjectiveSample";
			};
			name = Debug;
		};
		773C76511A290CF800EFFA34 /* Release */ = {
			isa = XCBuildConfiguration;
			buildSettings = {
				BUNDLE_LOADER = "$(TEST_HOST)";
				FRAMEWORK_SEARCH_PATHS = (
					"$(SDKROOT)/Developer/Library/Frameworks",
					"$(inherited)",
				);
				INFOPLIST_FILE = CCMBorderViewObjectiveSampleTests/Info.plist;
				LD_RUNPATH_SEARCH_PATHS = "$(inherited) @executable_path/Frameworks @loader_path/Frameworks";
				PRODUCT_NAME = "$(TARGET_NAME)";
				TEST_HOST = "$(BUILT_PRODUCTS_DIR)/CCMBorderViewObjectiveSample.app/CCMBorderViewObjectiveSample";
			};
			name = Release;
		};
/* End XCBuildConfiguration section */

/* Begin XCConfigurationList section */
		773C76241A290CF800EFFA34 /* Build configuration list for PBXProject "CCMBorderViewObjectiveSample" */ = {
			isa = XCConfigurationList;
			buildConfigurations = (
				773C764A1A290CF800EFFA34 /* Debug */,
				773C764B1A290CF800EFFA34 /* Release */,
			);
			defaultConfigurationIsVisible = 0;
			defaultConfigurationName = Release;
		};
		773C764C1A290CF800EFFA34 /* Build configuration list for PBXNativeTarget "CCMBorderViewObjectiveSample" */ = {
			isa = XCConfigurationList;
			buildConfigurations = (
				773C764D1A290CF800EFFA34 /* Debug */,
				773C764E1A290CF800EFFA34 /* Release */,
			);
			defaultConfigurationIsVisible = 0;
		};
		773C764F1A290CF800EFFA34 /* Build configuration list for PBXNativeTarget "CCMBorderViewObjectiveSampleTests" */ = {
			isa = XCConfigurationList;
			buildConfigurations = (
				773C76501A290CF800EFFA34 /* Debug */,
				773C76511A290CF800EFFA34 /* Release */,
			);
			defaultConfigurationIsVisible = 0;
		};
/* End XCConfigurationList section */
	};
	rootObject = 773C76211A290CF800EFFA34 /* Project object */;
}
